
Microsoft Visual Studio Solution File, Format Version 12.00
# Visual Studio Version 17
VisualStudioVersion = 17.8.34316.72
MinimumVisualStudioVersion = 10.0.40219.1
Project("{FAE04EC0-301F-11D3-BF4B-00C04F79EFBC}") = "Task2.3", "Task2.3\Task2.3.csproj", "{FCA04AE0-FE77-4F08-9080-5B1AE62E56E2}"
EndProject
Global
	GlobalSection(SolutionConfigurationPlatforms) = preSolution
		Debug|Any CPU = Debug|Any CPU
		Release|Any CPU = Release|Any CPU
	EndGlobalSection
	GlobalSection(ProjectConfigurationPlatforms) = postSolution
		{FCA04AE0-FE77-4F08-9080-5B1AE62E56E2}.Debug|Any CPU.ActiveCfg = Debug|Any CPU
		{FCA04AE0-FE77-4F08-9080-5B1AE62E56E2}.Debug|Any CPU.Build.0 = Debug|Any CPU
		{FCA04AE0-FE77-4F08-9080-5B1AE62E56E2}.Release|Any CPU.ActiveCfg = Release|Any CPU
		{FCA04AE0-FE77-4F08-9080-5B1AE62E56E2}.Release|Any CPU.Build.0 = Release|Any CPU
	EndGlobalSection
	GlobalSection(SolutionProperties) = preSolution
		HideSolutionNode = FALSE
	EndGlobalSection
	GlobalSection(ExtensibilityGlobals) = postSolution
		SolutionGuid = {B0B1EA5D-201B-4575-BA2D-9A43FDEC9085}
	EndGlobalSection
EndGlobal
